github.com/aws/aws-sdk-go-v2 v1.38.0 h1:UCRQ5mlqcFk9HJDIqENSLR3wiG1VTWlyUfLDEvY7RxU=
github.com/aws/aws-sdk-go-v2 v1.38.0/go.mod h1:9Q0OoGQoboYIAJyslFyF1f5K1Ryddop8gqMhWx/n4Wg=
github.com/aws/aws-sdk-go-v2/aws/protocol/eventstream v1.6.3 h1:tW1/Rkad38LA15X4UQtjXZXNKsCgkshC3EbmcUmghTg=
github.com/aws/aws-sdk-go-v2/aws/protocol/eventstream v1.6.3/go.mod h1:UbnqO+zjqk3uIt9yCACHJ9IVNhyhOCnYk8yA19SAWrM=
github.com/aws/aws-sdk-go-v2/config v1.27.16 h1:knpCuH7laFVGYTNd99Ns5t+8PuRjDn4HnnZK48csipM=
github.com/aws/aws-sdk-go-v2/config v1.27.16/go.mod h1:vutqgRhDUktwSge3hrC3nkuirzkJ4E/mLj5GvI0BQas=
github.com/aws/aws-sdk-go-v2/credentials v1.17.41 h1:7gXo+Axmp+R4Z+AK8YFQO0ZV3L0gizGINCOWxSLY9W8=
github.com/aws/aws-sdk-go-v2/credentials v1.17.41/go.mod h1:u4Eb8d3394YLubphT4jLEwN1rLNq2wFOlT6OuxFwPzU=
github.com/aws/aws-sdk-go-v2/feature/ec2/imds v1.16.17 h1:TMH3f/SCAWdNtXXVPPu5D6wrr4G5hI1rAxbcocKfC7Q=
github.com/aws/aws-sdk-go-v2/feature/ec2/imds v1.16.17/go.mod h1:1ZRXLdTpzdJb9fwTMXiLipENRxkGMTn1sfKexGllQCw=
github.com/aws/aws-sdk-go-v2/internal/configsources v1.4.3 h1:o9RnO+YZ4X+kt5Z7Nvcishlz0nksIt2PIzDglLMP0vA=
github.com/aws/aws-sdk-go-v2/internal/configsources v1.4.3/go.mod h1:+6aLJzOG1fvMOyzIySYjOFjcguGvVRL68R+uoRencN4=
github.com/aws/aws-sdk-go-v2/internal/endpoints/v2 v2.7.3 h1:joyyUFhiTQQmVK6ImzNU9TQSNRNeD9kOklqTzyk5v6s=
github.com/aws/aws-sdk-go-v2/internal/endpoints/v2 v2.7.3/go.mod h1:+vNIyZQP3b3B1tSLI0lxvrU9cfM7gpdRXMFfm67ZcPc=
github.com/aws/aws-sdk-go-v2/internal/ini v1.8.0 h1:hT8rVHwugYE2lEfdFE0QWVo81lF7jMrYJVDWI+f+VxU=
github.com/aws/aws-sdk-go-v2/internal/ini v1.8.0/go.mod h1:8tu/lYfQfFe6IGnaOdrpVgEL2IrrDOf6/m9RQum4NkY=
github.com/aws/aws-sdk-go-v2/internal/v4a v1.3.15 h1:Z5r7SycxmSllHYmaAZPpmN8GviDrSGhMS6bldqtXZPw=
github.com/aws/aws-sdk-go-v2/internal/v4a v1.3.15/go.mod h1:CetW7bDE00QoGEmPUoZuRog07SGVAUVW6LFpNP0YfIg=
github.com/aws/aws-sdk-go-v2/service/dynamodb v1.47.0 h1:A5zeikrrAgz3YtNzhMat4K8hK/CFzOjFKLVk8pI7Cz8=
github.com/aws/aws-sdk-go-v2/service/dynamodb v1.47.0/go.mod h1:tMQ/Edfn5xLcBFSVd3JDreJPias8GqBq0dVbCbMz9vs=
github.com/aws/aws-sdk-go-v2/service/internal/accept-encoding v1.13.0 h1:6+lZi2JeGKtCraAj1rpoZfKqnQ9SptseRZioejfUOLM=
github.com/aws/aws-sdk-go-v2/service/internal/accept-encoding v1.13.0/go.mod h1:eb3gfbVIxIoGgJsi9pGne19dhCBpK6opTYpQqAmdy44=
github.com/aws/aws-sdk-go-v2/service/internal/checksum v1.3.17 h1:YPYe6ZmvUfDDDELqEKtAd6bo8zxhkm+XEFEzQisqUIE=
github.com/aws/aws-sdk-go-v2/service/internal/checksum v1.3.17/go.mod h1:oBtcnYua/CgzCWYN7NZ5j7PotFDaFSUjCYVTtfyn7vw=
github.com/aws/aws-sdk-go-v2/service/internal/endpoint-discovery v1.11.3 h1:xMmJPUT0G1q9+I0mzH4B6oN9fB5PkDoD+jvpVIcom1I=
github.com/aws/aws-sdk-go-v2/service/internal/endpoint-discovery v1.11.3/go.mod h1:U0JFMTY/gPxV07XTXXz152nX0Hg1eBenzyslKF2j4j4=
github.com/aws/aws-sdk-go-v2/service/internal/presigned-url v1.12.2 h1:s7NA1SOw8q/5c0wr8477yOPp0z+uBaXBnLE0XYb0POA=
github.com/aws/aws-sdk-go-v2/service/internal/presigned-url v1.12.2/go.mod h1:fnjjWyAW/Pj5HYOxl9LJqWtEwS7W2qgcRLWP+uWbss0=
github.com/aws/aws-sdk-go-v2/service/internal/s3shared v1.17.15 h1:246A4lSTXWJw/rmlQI+TT2OcqeDMKBdyjEQrafMaQdA=
github.com/aws/aws-sdk-go-v2/service/internal/s3shared v1.17.15/go.mod h1:haVfg3761/WF7YPuJOER2MP0k4UAXyHaLclKXB6usDg=
github.com/aws/aws-sdk-go-v2/service/s3 v1.58.3 h1:hT8ZAZRIfqBqHbzKTII+CIiY8G2oC9OpLedkZ51DWl8=
github.com/aws/aws-sdk-go-v2/service/s3 v1.58.3/go.mod h1:Lcxzg5rojyVPU/0eFwLtcyTaek/6Mtic5B1gJo7e/zE=
github.com/aws/aws-sdk-go-v2/service/sso v1.24.2 h1:bSYXVyUzoTHoKalBmwaZxs97HU9DWWI3ehHSAMa7xOk=
github.com/aws/aws-sdk-go-v2/service/sso v1.24.2/go.mod h1:skMqY7JElusiOUjMJMOv1jJsP7YUg7DrhgqZZWuzu1U=
github.com/aws/aws-sdk-go-v2/service/ssooidc v1.28.2 h1:AhmO1fHINP9vFYUE0LHzCWg/LfUWUF+zFPEcY9QXb7o=
github.com/aws/aws-sdk-go-v2/service/ssooidc v1.28.2/go.mod h1:o8aQygT2+MVP0NaV6kbdE1YnnIM8RRVQzoeUH45GOdI=
github.com/aws/aws-sdk-go-v2/service/sts v1.32.2 h1:CiS7i0+FUe+/YY1GvIBLLrR/XNGZ4CtM1Ll0XavNuVo=
github.com/aws/aws-sdk-go-v2/service/sts v1.32.2/go.mod h1:HtaiBI8CjYoNVde8arShXb94UbQQi9L4EMr6D+xGBwo=
github.com/aws/smithy-go v1.22.5 h1:P9ATCXPMb2mPjYBgueqJNCA5S9UfktsW0tTxi+a7eqw=
github.com/aws/smithy-go v1.22.5/go.mod h1:t1ufH5HMublsJYulve2RKmHDC15xu1f26kHCp/HgceI=
